// !$*UTF8*$!
{
	archiveVersion = 1;
	classes = {
	};
	objectVersion = 50;
	objects = {

/* Begin PBXBuildFile section */
		5809D88A23E09B0C004771F9 /* MainView.swift in Sources */ = {isa = PBXBuildFile; fileRef = 5809D88923E09B0C004771F9 /* MainView.swift */; };
		5809D88C23E0BD8A004771F9 /* SettingsView.swift in Sources */ = {isa = PBXBuildFile; fileRef = 5809D88B23E0BD8A004771F9 /* SettingsView.swift */; };
		C193FDF823E0863400C9F614 /* AppDelegate.swift in Sources */ = {isa = PBXBuildFile; fileRef = C193FDF723E0863400C9F614 /* AppDelegate.swift */; };
		C193FDFA23E0863400C9F614 /* SceneDelegate.swift in Sources */ = {isa = PBXBuildFile; fileRef = C193FDF923E0863400C9F614 /* SceneDelegate.swift */; };
		C193FDFC23E0863400C9F614 /* MainViewController.swift in Sources */ = {isa = PBXBuildFile; fileRef = C193FDFB23E0863400C9F614 /* MainViewController.swift */; };
		C193FE0123E0863800C9F614 /* Assets.xcassets in Resources */ = {isa = PBXBuildFile; fileRef = C193FE0023E0863800C9F614 /* Assets.xcassets */; };
		C193FE0423E0863800C9F614 /* LaunchScreen.storyboard in Resources */ = {isa = PBXBuildFile; fileRef = C193FE0223E0863800C9F614 /* LaunchScreen.storyboard */; };
		C193FE0C23E08FD300C9F614 /* SettingsViewController.swift in Sources */ = {isa = PBXBuildFile; fileRef = C193FE0B23E08FD300C9F614 /* SettingsViewController.swift */; };
/* End PBXBuildFile section */

/* Begin PBXFileReference section */
		5809D88923E09B0C004771F9 /* MainView.swift */ = {isa = PBXFileReference; lastKnownFileType = sourcecode.swift; path = MainView.swift; sourceTree = "<group>"; };
		5809D88B23E0BD8A004771F9 /* SettingsView.swift */ = {isa = PBXFileReference; lastKnownFileType = sourcecode.swift; path = SettingsView.swift; sourceTree = "<group>"; };
		C193FDF423E0863400C9F614 /* Programttic UI.app */ = {isa = PBXFileReference; explicitFileType = wrapper.application; includeInIndex = 0; path = "Programttic UI.app"; sourceTree = BUILT_PRODUCTS_DIR; };
		C193FDF723E0863400C9F614 /* AppDelegate.swift */ = {isa = PBXFileReference; lastKnownFileType = sourcecode.swift; path = AppDelegate.swift; sourceTree = "<group>"; };
		C193FDF923E0863400C9F614 /* SceneDelegate.swift */ = {isa = PBXFileReference; lastKnownFileType = sourcecode.swift; path = SceneDelegate.swift; sourceTree = "<group>"; };
		C193FDFB23E0863400C9F614 /* MainViewController.swift */ = {isa = PBXFileReference; lastKnownFileType = sourcecode.swift; path = MainViewController.swift; sourceTree = "<group>"; };
		C193FE0023E0863800C9F614 /* Assets.xcassets */ = {isa = PBXFileReference; lastKnownFileType = folder.assetcatalog; path = Assets.xcassets; sourceTree = "<group>"; };
		C193FE0323E0863800C9F614 /* Base */ = {isa = PBXFileReference; lastKnownFileType = file.storyboard; name = Base; path = Base.lproj/LaunchScreen.storyboard; sourceTree = "<group>"; };
		C193FE0523E0863800C9F614 /* Info.plist */ = {isa = PBXFileReference; lastKnownFileType = text.plist.xml; path = Info.plist; sourceTree = "<group>"; };
		C193FE0B23E08FD300C9F614 /* SettingsViewController.swift */ = {isa = PBXFileReference; lastKnownFileType = sourcecode.swift; path = SettingsViewController.swift; sourceTree = "<group>"; };
/* End PBXFileReference section */

/* Begin PBXFrameworksBuildPhase section */
		C193FDF123E0863400C9F614 /* Frameworks */ = {
			isa = PBXFrameworksBuildPhase;
			buildActionMask = 2147483647;
			files = (
			);
			runOnlyForDeploymentPostprocessing = 0;
		};
/* End PBXFrameworksBuildPhase section */

/* Begin PBXGroup section */
		C193FDEB23E0863400C9F614 = {
			isa = PBXGroup;
			children = (
				C193FDF623E0863400C9F614 /* Programttic UI */,
				C193FDF523E0863400C9F614 /* Products */,
			);
			sourceTree = "<group>";
		};
		C193FDF523E0863400C9F614 /* Products */ = {
			isa = PBXGroup;
			children = (
				C193FDF423E0863400C9F614 /* Programttic UI.app */,
			);
			name = Products;
			sourceTree = "<group>";
		};
		C193FDF623E0863400C9F614 /* Programttic UI */ = {
			isa = PBXGroup;
			children = (
				C193FDF723E0863400C9F614 /* AppDelegate.swift */,
				C193FDF923E0863400C9F614 /* SceneDelegate.swift */,
				C193FDFB23E0863400C9F614 /* MainViewController.swift */,
				5809D88923E09B0C004771F9 /* MainView.swift */,
				C193FE0B23E08FD300C9F614 /* SettingsViewController.swift */,
				5809D88B23E0BD8A004771F9 /* SettingsView.swift */,
				C193FE0023E0863800C9F614 /* Assets.xcassets */,
				C193FE0223E0863800C9F614 /* LaunchScreen.storyboard */,
				C193FE0523E0863800C9F614 /* Info.plist */,
			);
			path = "Programttic UI";
			sourceTree = "<group>";
		};
/* End PBXGroup section */

/* Begin PBXNativeTarget section */
		C193FDF323E0863400C9F614 /* Programttic UI */ = {
			isa = PBXNativeTarget;
			buildConfigurationList = C193FE0823E0863800C9F614 /* Build configuration list for PBXNativeTarget "Programttic UI" */;
			buildPhases = (
				C193FDF023E0863400C9F614 /* Sources */,
				C193FDF123E0863400C9F614 /* Frameworks */,
				C193FDF223E0863400C9F614 /* Resources */,
			);
			buildRules = (
			);
			dependencies = (
			);
			name = "Programttic UI";
			productName = "Programttic UI";
			productReference = C193FDF423E0863400C9F614 /* Programttic UI.app */;
			productType = "com.apple.product-type.application";
		};
/* End PBXNativeTarget section */

/* Begin PBXProject section */
		C193FDEC23E0863400C9F614 /* Project object */ = {
			isa = PBXProject;
			attributes = {
				LastSwiftUpdateCheck = 1130;
				LastUpgradeCheck = 1130;
				ORGANIZATIONNAME = "Gregory Keeley";
				TargetAttributes = {
					C193FDF323E0863400C9F614 = {
						CreatedOnToolsVersion = 11.3.1;
					};
				};
			};
			buildConfigurationList = C193FDEF23E0863400C9F614 /* Build configuration list for PBXProject "Programttic UI" */;
			compatibilityVersion = "Xcode 9.3";
			developmentRegion = en;
			hasScannedForEncodings = 0;
			knownRegions = (
				en,
				Base,
			);
			mainGroup = C193FDEB23E0863400C9F614;
			productRefGroup = C193FDF523E0863400C9F614 /* Products */;
			projectDirPath = "";
			projectRoot = "";
			targets = (
				C193FDF323E0863400C9F614 /* Programttic UI */,
			);
		};
/* End PBXProject section */

/* Begin PBXResourcesBuildPhase section */
		C193FDF223E0863400C9F614 /* Resources */ = {
			isa = PBXResourcesBuildPhase;
			buildActionMask = 2147483647;
			files = (
				C193FE0423E0863800C9F614 /* LaunchScreen.storyboard in Resources */,
				C193FE0123E0863800C9F614 /* Assets.xcassets in Resources */,
			);
			runOnlyForDeploymentPostprocessing = 0;
		};
/* End PBXResourcesBuildPhase section */

/* Begin PBXSourcesBuildPhase section */
		C193FDF023E0863400C9F614 /* Sources */ = {
			isa = PBXSourcesBuildPhase;
			buildActionMask = 2147483647;
			files = (
				C193FDFC23E0863400C9F614 /* MainViewController.swift in Sources */,
				C193FDF823E0863400C9F614 /* AppDelegate.swift in Sources */,
				C193FDFA23E0863400C9F614 /* SceneDelegate.swift in Sources */,
				5809D88C23E0BD8A004771F9 /* SettingsView.swift in Sources */,
				5809D88A23E09B0C004771F9 /* MainView.swift in Sources */,
				C193FE0C23E08FD300C9F614 /* SettingsViewController.swift in Sources */,
			);
			runOnlyForDeploymentPostprocessing = 0;
		};
/* End PBXSourcesBuildPhase section */

/* Begin PBXVariantGroup section */
		C193FE0223E0863800C9F614 /* LaunchScreen.storyboard */ = {
			isa = PBXVariantGroup;
			children = (
				C193FE0323E0863800C9F614 /* Base */,
			);
			name = LaunchScreen.storyboard;
			sourceTree = "<group>";
		};
/* End PBXVariantGroup section */

/* Begin XCBuildConfiguration section */
		C193FE0623E0863800C9F614 /* Debug */ = {
			isa = XCBuildConfiguration;
			buildSettings = {
				ALWAYS_SEARCH_USER_PATHS = NO;
				CLANG_ANALYZER_NONNULL = YES;
				CLANG_ANALYZER_NUMBER_OBJECT_CONVERSION = YES_AGGRESSIVE;
				CLANG_CXX_LANGUAGE_STANDARD = "gnu++14";
				CLANG_CXX_LIBRARY = "libc++";
				CLANG_ENABLE_MODULES = YES;
				CLANG_ENABLE_OBJC_ARC = YES;
				CLANG_ENABLE_OBJC_WEAK = YES;
				CLANG_WARN_BLOCK_CAPTURE_AUTORELEASING = YES;
				CLANG_WARN_BOOL_CONVERSION = YES;
				CLANG_WARN_COMMA = YES;
				CLANG_WARN_CONSTANT_CONVERSION = YES;
				CLANG_WARN_DEPRECATED_OBJC_IMPLEMENTATIONS = YES;
				CLANG_WARN_DIRECT_OBJC_ISA_USAGE = YES_ERROR;
				CLANG_WARN_DOCUMENTATION_COMMENTS = YES;
				CLANG_WARN_EMPTY_BODY = YES;
				CLANG_WARN_ENUM_CONVERSION = YES;
				CLANG_WARN_INFINITE_RECURSION = YES;
				CLANG_WARN_INT_CONVERSION = YES;
				CLANG_WARN_NON_LITERAL_NULL_CONVERSION = YES;
				CLANG_WARN_OBJC_IMPLICIT_RETAIN_SELF = YES;
				CLANG_WARN_OBJC_LITERAL_CONVERSION = YES;
				CLANG_WARN_OBJC_ROOT_CLASS = YES_ERROR;
				CLANG_WARN_RANGE_LOOP_ANALYSIS = YES;
				CLANG_WARN_STRICT_PROTOTYPES = YES;
				CLANG_WARN_SUSPICIOUS_MOVE = YES;
				CLANG_WARN_UNGUARDED_AVAILABILITY = YES_AGGRESSIVE;
				CLANG_WARN_UNREACHABLE_CODE = YES;
				CLANG_WARN__DUPLICATE_METHOD_MATCH = YES;
				COPY_PHASE_STRIP = NO;
				DEBUG_INFORMATION_FORMAT = dwarf;
				ENABLE_STRICT_OBJC_MSGSEND = YES;
				ENABLE_TESTABILITY = YES;
				GCC_C_LANGUAGE_STANDARD = gnu11;
				GCC_DYNAMIC_NO_PIC = NO;
				GCC_NO_COMMON_BLOCKS = YES;
				GCC_OPTIMIZATION_LEVEL = 0;
				GCC_PREPROCESSOR_DEFINITIONS = (
					"DEBUG=1",
					"$(inherited)",
				);
				GCC_WARN_64_TO_32_BIT_CONVERSION = YES;
				GCC_WARN_ABOUT_RETURN_TYPE = YES_ERROR;
				GCC_WARN_UNDECLARED_SELECTOR = YES;
				GCC_WARN_UNINITIALIZED_AUTOS = YES_AGGRESSIVE;
				GCC_WARN_UNUSED_FUNCTION = YES;
				GCC_WARN_UNUSED_VARIABLE = YES;
				IPHONEOS_DEPLOYMENT_TARGET = 13.2;
				MTL_ENABLE_DEBUG_INFO = INCLUDE_SOURCE;
				MTL_FAST_MATH = YES;
				ONLY_ACTIVE_ARCH = YES;
				SDKROOT = iphoneos;
				SWIFT_ACTIVE_COMPILATION_CONDITIONS = DEBUG;
				SWIFT_OPTIMIZATION_LEVEL = "-Onone";
			};
			name = Debug;
		};
		C193FE0723E0863800C9F614 /* Release */ = {
			isa = XCBuildConfiguration;
			buildSettings = {
				ALWAYS_SEARCH_USER_PATHS = NO;
				CLANG_ANALYZER_NONNULL = YES;
				CLANG_ANALYZER_NUMBER_OBJECT_CONVERSION = YES_AGGRESSIVE;
				CLANG_CXX_LANGUAGE_STANDARD = "gnu++14";
				CLANG_CXX_LIBRARY = "libc++";
				CLANG_ENABLE_MODULES = YES;
				CLANG_ENABLE_OBJC_ARC = YES;
				CLANG_ENABLE_OBJC_WEAK = YES;
				CLANG_WARN_BLOCK_CAPTURE_AUTORELEASING = YES;
				CLANG_WARN_BOOL_CONVERSION = YES;
				CLANG_WARN_COMMA = YES;
				CLANG_WARN_CONSTANT_CONVERSION = YES;
				CLANG_WARN_DEPRECATED_OBJC_IMPLEMENTATIONS = YES;
				CLANG_WARN_DIRECT_OBJC_ISA_USAGE = YES_ERROR;
				CLANG_WARN_DOCUMENTATION_COMMENTS = YES;
				CLANG_WARN_EMPTY_BODY = YES;
				CLANG_WARN_ENUM_CONVERSION = YES;
				CLANG_WARN_INFINITE_RECURSION = YES;
				CLANG_WARN_INT_CONVERSION = YES;
				CLANG_WARN_NON_LITERAL_NULL_CONVERSION = YES;
				CLANG_WARN_OBJC_IMPLICIT_RETAIN_SELF = YES;
				CLANG_WARN_OBJC_LITERAL_CONVERSION = YES;
				CLANG_WARN_OBJC_ROOT_CLASS = YES_ERROR;
				CLANG_WARN_RANGE_LOOP_ANALYSIS = YES;
				CLANG_WARN_STRICT_PROTOTYPES = YES;
				CLANG_WARN_SUSPICIOUS_MOVE = YES;
				CLANG_WARN_UNGUARDED_AVAILABILITY = YES_AGGRESSIVE;
				CLANG_WARN_UNREACHABLE_CODE = YES;
				CLANG_WARN__DUPLICATE_METHOD_MATCH = YES;
				COPY_PHASE_STRIP = NO;
				DEBUG_INFORMATION_FORMAT = "dwarf-with-dsym";
				ENABLE_NS_ASSERTIONS = NO;
				ENABLE_STRICT_OBJC_MSGSEND = YES;
				GCC_C_LANGUAGE_STANDARD = gnu11;
				GCC_NO_COMMON_BLOCKS = YES;
				GCC_WARN_64_TO_32_BIT_CONVERSION = YES;
				GCC_WARN_ABOUT_RETURN_TYPE = YES_ERROR;
				GCC_WARN_UNDECLARED_SELECTOR = YES;
				GCC_WARN_UNINITIALIZED_AUTOS = YES_AGGRESSIVE;
				GCC_WARN_UNUSED_FUNCTION = YES;
				GCC_WARN_UNUSED_VARIABLE = YES;
				IPHONEOS_DEPLOYMENT_TARGET = 13.2;
				MTL_ENABLE_DEBUG_INFO = NO;
				MTL_FAST_MATH = YES;
				SDKROOT = iphoneos;
				SWIFT_COMPILATION_MODE = wholemodule;
				SWIFT_OPTIMIZATION_LEVEL = "-O";
				VALIDATE_PRODUCT = YES;
			};
			name = Release;
		};
		C193FE0923E0863800C9F614 /* Debug */ = {
			isa = XCBuildConfiguration;
			buildSettings = {
				ASSETCATALOG_COMPILER_APPICON_NAME = AppIcon;
				CODE_SIGN_STYLE = Automatic;
				DEVELOPMENT_TEAM = 3YV6C3YLPG;
				INFOPLIST_FILE = "Programttic UI/Info.plist";
				LD_RUNPATH_SEARCH_PATHS = (
					"$(inherited)",
					"@executable_path/Frameworks",
				);
				PRODUCT_BUNDLE_IDENTIFIER = "org.ericdavenport.Programttic-UI";
				PRODUCT_NAME = "$(TARGET_NAME)";
				SWIFT_VERSION = 5.0;
				TARGETED_DEVICE_FAMILY = "1,2";
			};
			name = Debug;
		};
		C193FE0A23E0863800C9F614 /* Release */ = {
			isa = XCBuildConfiguration;
			buildSettings = {
				ASSETCATALOG_COMPILER_APPICON_NAME = AppIcon;
				CODE_SIGN_STYLE = Automatic;
				DEVELOPMENT_TEAM = 3YV6C3YLPG;
				INFOPLIST_FILE = "Programttic UI/Info.plist";
				LD_RUNPATH_SEARCH_PATHS = (
					"$(inherited)",
					"@executable_path/Frameworks",
				);
				PRODUCT_BUNDLE_IDENTIFIER = "org.ericdavenport.Programttic-UI";
				PRODUCT_NAME = "$(TARGET_NAME)";
				SWIFT_VERSION = 5.0;
				TARGETED_DEVICE_FAMILY = "1,2";
			};
			name = Release;
		};
/* End XCBuildConfiguration section */

/* Begin XCConfigurationList section */
		C193FDEF23E0863400C9F614 /* Build configuration list for PBXProject "Programttic UI" */ = {
			isa = XCConfigurationList;
			buildConfigurations = (
				C193FE0623E0863800C9F614 /* Debug */,
				C193FE0723E0863800C9F614 /* Release */,
			);
			defaultConfigurationIsVisible = 0;
			defaultConfigurationName = Release;
		};
		C193FE0823E0863800C9F614 /* Build configuration list for PBXNativeTarget "Programttic UI" */ = {
			isa = XCConfigurationList;
			buildConfigurations = (
				C193FE0923E0863800C9F614 /* Debug */,
				C193FE0A23E0863800C9F614 /* Release */,
			);
			defaultConfigurationIsVisible = 0;
			defaultConfigurationName = Release;
		};
/* End XCConfigurationList section */
	};
	rootObject = C193FDEC23E0863400C9F614 /* Project object */;
}
